
Microsoft Visual Studio Solution File, Format Version 12.00
# Visual Studio 14
VisualStudioVersion = 14.0.25420.1
MinimumVisualStudioVersion = 10.0.40219.1
Project("{FAE04EC0-301F-11D3-BF4B-00C04F79EFBC}") = "KetoSavageWeb", "KetoSavageWeb\KetoSavageWeb.csproj", "{58E6F320-EABB-4F28-A308-A8FE5DB72AC1}"
EndProject
Project("{FAE04EC0-301F-11D3-BF4B-00C04F79EFBC}") = "KetoSavageWebTest", "KetoSavageWebTest\KetoSavageWebTest.csproj", "{DFDEA374-48BE-43FC-98D4-F49A1EBFB9AE}"
EndProject
Project("{8BB2217D-0F2D-49D1-97BC-3654ED321F3B}") = "DAL", "DAL\DAL.xproj", "{0BE113A6-48AD-4313-BF19-FB100A53BEE2}"
EndProject
Global
	GlobalSection(SolutionConfigurationPlatforms) = preSolution
		Debug|Any CPU = Debug|Any CPU
		Release|Any CPU = Release|Any CPU
	EndGlobalSection
	GlobalSection(ProjectConfigurationPlatforms) = postSolution
		{58E6F320-EABB-4F28-A308-A8FE5DB72AC1}.Debug|Any CPU.ActiveCfg = Debug|Any CPU
		{58E6F320-EABB-4F28-A308-A8FE5DB72AC1}.Debug|Any CPU.Build.0 = Debug|Any CPU
		{58E6F320-EABB-4F28-A308-A8FE5DB72AC1}.Release|Any CPU.ActiveCfg = Release|Any CPU
		{58E6F320-EABB-4F28-A308-A8FE5DB72AC1}.Release|Any CPU.Build.0 = Release|Any CPU
		{DFDEA374-48BE-43FC-98D4-F49A1EBFB9AE}.Debug|Any CPU.ActiveCfg = Debug|Any CPU
		{DFDEA374-48BE-43FC-98D4-F49A1EBFB9AE}.Debug|Any CPU.Build.0 = Debug|Any CPU
		{DFDEA374-48BE-43FC-98D4-F49A1EBFB9AE}.Release|Any CPU.ActiveCfg = Release|Any CPU
		{DFDEA374-48BE-43FC-98D4-F49A1EBFB9AE}.Release|Any CPU.Build.0 = Release|Any CPU
		{0BE113A6-48AD-4313-BF19-FB100A53BEE2}.Debug|Any CPU.ActiveCfg = Debug|Any CPU
		{0BE113A6-48AD-4313-BF19-FB100A53BEE2}.Debug|Any CPU.Build.0 = Debug|Any CPU
		{0BE113A6-48AD-4313-BF19-FB100A53BEE2}.Release|Any CPU.ActiveCfg = Release|Any CPU
		{0BE113A6-48AD-4313-BF19-FB100A53BEE2}.Release|Any CPU.Build.0 = Release|Any CPU
	EndGlobalSection
	GlobalSection(SolutionProperties) = preSolution
		HideSolutionNode = FALSE
	EndGlobalSection
EndGlobal
